# THIS IS AN AUTOGENERATED FILE. DO NOT EDIT THIS FILE DIRECTLY.
# yarn lockfile v1


dayjs@^1.8.4:
  version "1.8.4"
  resolved "https://registry.yarnpkg.com/dayjs/-/dayjs-1.8.4.tgz#e5a8fe080a7955e210045e6c26c5d1d4c88cf602"
  integrity sha512-Gd2W9A8f40Dwr17/O1W12cC61PSq8aUGKBWRVMs7n4XQNwPPIM9m7YzZPHMlW465Sia6t5KlKK52rYd5oT2T6A==
